{
  "version": 4,
  "terraform_version": "1.9.3",
  "serial": 5,
  "lineage": "f0fbb7ee-aa09-e713-7e3b-7a986df564b4",
  "outputs": {},
  "resources": [
    {
      "mode": "data",
      "type": "spotify_track",
      "name": "Behappy",
      "provider": "provider[\"registry.terraform.io/conradludgate/spotify\"]",
      "instances": [
        {
          "schema_version": 0,
          "attributes": {
            "album": "4zhRkgoZKC2xCPPys1gK4b",
            "artists": [
              "2FjkZT851ez950cyPjeYid"
            ],
            "id": "4hObp5bmIJ3PP3cKA9K9GY",
            "name": "Don't Worry Be Happy",
            "spotify_id": null,
            "url": "https://open.spotify.com/track/4hObp5bmIJ3PP3cKA9K9GY"
          },
          "sensitive_attributes": []
        }
      ]
    },
    {
      "mode": "data",
      "type": "spotify_track",
      "name": "Fireflies",
      "provider": "provider[\"registry.terraform.io/conradludgate/spotify\"]",
      "instances": [
        {
          "schema_version": 0,
          "attributes": {
            "album": "3vf65wfk1EEjVhy6BjENsS",
            "artists": [
              "07QEuhtrNmmZ0zEcqE9SF6"
            ],
            "id": "3DamFFqW32WihKkTVlwTYQ",
            "name": "Fireflies",
            "spotify_id": null,
            "url": "https://open.spotify.com/track/3DamFFqW32WihKkTVlwTYQ"
          },
          "sensitive_attributes": []
        }
      ]
    },
    {
      "mode": "data",
      "type": "spotify_track",
      "name": "Unwritten",
      "provider": "provider[\"registry.terraform.io/conradludgate/spotify\"]",
      "instances": [
        {
          "schema_version": 0,
          "attributes": {
            "album": "3PEzTAuPW5IjLJ58FzwQeL",
            "artists": [
              "7o95ZoZt5ZYn31e9z1Hc0a"
            ],
            "id": "3U5JVgI2x4rDyHGObzJfNf",
            "name": "Unwritten",
            "spotify_id": null,
            "url": "https://open.spotify.com/track/3U5JVgI2x4rDyHGObzJfNf"
          },
          "sensitive_attributes": []
        }
      ]
    },
    {
      "mode": "managed",
      "type": "spotify_playlist",
      "name": "Kanak_Terraform_playlist",
      "provider": "provider[\"registry.terraform.io/conradludgate/spotify\"]",
      "instances": [
        {
          "schema_version": 0,
          "attributes": {
            "description": "",
            "id": "5B2PTWihYgBwcPIDiTmIdX",
            "name": "Kanak Terraform playlist",
            "public": false,
            "snapshot_id": "AAAAAwIn+KWBcMSI9TkeWJMxpHzyUnDo",
            "tracks": [
              "3DamFFqW32WihKkTVlwTYQ",
              "3U5JVgI2x4rDyHGObzJfNf",
              "4hObp5bmIJ3PP3cKA9K9GY"
            ]
          },
          "sensitive_attributes": [],
          "private": "bnVsbA==",
          "dependencies": [
            "data.spotify_track.Behappy",
            "data.spotify_track.Fireflies",
            "data.spotify_track.Unwritten"
          ]
        }
      ]
    }
  ],
  "check_results": null
}
